
Microsoft Visual Studio Solution File, Format Version 12.00
# Visual Studio Version 18
VisualStudioVersion = 18.1.11304.174
MinimumVisualStudioVersion = 10.0.40219.1
Project("{2150E333-8FDC-42A3-9474-1A3956D46DE8}") = "Src", "Src", "{02EA681E-C7D8-13C7-8484-4AC65E1B71E8}"
EndProject
Project("{2150E333-8FDC-42A3-9474-1A3956D46DE8}") = "Modules", "Modules", "{9BA87D5D-0485-4058-A00A-0A3F47FF9F80}"
EndProject
Project("{2150E333-8FDC-42A3-9474-1A3956D46DE8}") = "Presentaion", "Presentaion", "{AE286DCC-BB05-43BD-B4F2-493D831C346E}"
EndProject
Project("{FAE04EC0-301F-11D3-BF4B-00C04F79EFBC}") = "Web", "Src\Presentaion\Web\Web.csproj", "{AAEF8BB1-EA70-F9CE-4009-2A3E20E41D2F}"
EndProject
Project("{FAE04EC0-301F-11D3-BF4B-00C04F79EFBC}") = "Framework", "Src\Modules\Framework\Framework\Framework.csproj", "{0EEDD22B-46F6-577D-71F8-7106DBB393E4}"
EndProject
Project("{FAE04EC0-301F-11D3-BF4B-00C04F79EFBC}") = "Framework.Api", "Src\Modules\Framework\Framework.Api\Framework.Api.csproj", "{1A77A54D-7C8C-7913-1D22-EE46F312CFF0}"
EndProject
Project("{FAE04EC0-301F-11D3-BF4B-00C04F79EFBC}") = "Framework.Aspc", "Src\Modules\Framework\Framework.Aspc\Framework.Aspc.csproj", "{B4E96D74-AAE8-10B6-1EE2-015DE02C2408}"
EndProject
Project("{FAE04EC0-301F-11D3-BF4B-00C04F79EFBC}") = "Framework.Resources", "Src\Modules\Framework\Framework.Resources\Framework.Resources.csproj", "{E2EE674C-47F7-3EF0-56BC-875B084F9327}"
EndProject
Project("{FAE04EC0-301F-11D3-BF4B-00C04F79EFBC}") = "AdobeConnectSDK", "Src\Modules\Services\AdobeConnect\Adobe.Connect.SDK\AdobeConnectSDK\AdobeConnectSDK.csproj", "{7A708806-4485-54C8-8F0F-3DE03A39D39B}"
EndProject
Project("{2150E333-8FDC-42A3-9474-1A3956D46DE8}") = "Framework", "Framework", "{5AAD3060-2C4B-408C-9E46-EA2E0A058590}"
EndProject
Project("{2150E333-8FDC-42A3-9474-1A3956D46DE8}") = "Services", "Services", "{2FF0D168-6780-4AAD-91D5-0F1E9DC41FBD}"
EndProject
Project("{2150E333-8FDC-42A3-9474-1A3956D46DE8}") = "AdobeConnect", "AdobeConnect", "{C2F589B3-B1EC-4417-B91C-0B98B4A2FA9F}"
EndProject
Project("{FAE04EC0-301F-11D3-BF4B-00C04F79EFBC}") = "AdobeConnect.Services", "Src\Modules\Services\AdobeConnect\AdobeConnect.Services\AdobeConnect.Services.csproj", "{36C691B9-2C45-4F52-F380-7D830E753B6C}"
EndProject
Project("{FAE04EC0-301F-11D3-BF4B-00C04F79EFBC}") = "Services.CachingProvider", "Src\Modules\Services\CachingProvider\Services.CachingProvider\Services.CachingProvider.csproj", "{F649E1DE-58CB-1091-28A5-D4FD5B28B72F}"
EndProject
Project("{2150E333-8FDC-42A3-9474-1A3956D46DE8}") = "Cache", "Cache", "{A4693F89-0175-4BE1-856D-42D6F0498FA2}"
EndProject
Project("{2150E333-8FDC-42A3-9474-1A3956D46DE8}") = "AppCore", "AppCore", "{650FC913-1679-4C86-A36A-130D4606F493}"
EndProject
Project("{FAE04EC0-301F-11D3-BF4B-00C04F79EFBC}") = "AppCore", "Src\AppCore\AppCore.csproj", "{85F3F404-5768-DD32-9AFA-92C32AEF6E66}"
EndProject
Project("{2150E333-8FDC-42A3-9474-1A3956D46DE8}") = "Test", "Test", "{3BCF133D-BAE4-477C-A3AB-75B3F461B166}"
EndProject
Project("{FAE04EC0-301F-11D3-BF4B-00C04F79EFBC}") = "AppUnitTest", "Src\AppTest\AppUnitTest\AppUnitTest.csproj", "{7A4AABD6-2EFA-4F48-B9B7-3294DEA1073B}"
EndProject
Project("{2150E333-8FDC-42A3-9474-1A3956D46DE8}") = "Solution Items", "Solution Items", "{4FCC12DF-06AB-4725-96E0-012D57CF4BD5}"
	ProjectSection(SolutionItems) = preProject
		.editorconfig = .editorconfig
	EndProjectSection
EndProject
Global
	GlobalSection(SolutionConfigurationPlatforms) = preSolution
		Debug|Any CPU = Debug|Any CPU
		Release|Any CPU = Release|Any CPU
	EndGlobalSection
	GlobalSection(ProjectConfigurationPlatforms) = postSolution
		{AAEF8BB1-EA70-F9CE-4009-2A3E20E41D2F}.Debug|Any CPU.ActiveCfg = Debug|Any CPU
		{AAEF8BB1-EA70-F9CE-4009-2A3E20E41D2F}.Debug|Any CPU.Build.0 = Debug|Any CPU
		{AAEF8BB1-EA70-F9CE-4009-2A3E20E41D2F}.Release|Any CPU.ActiveCfg = Release|Any CPU
		{AAEF8BB1-EA70-F9CE-4009-2A3E20E41D2F}.Release|Any CPU.Build.0 = Release|Any CPU
		{0EEDD22B-46F6-577D-71F8-7106DBB393E4}.Debug|Any CPU.ActiveCfg = Debug|Any CPU
		{0EEDD22B-46F6-577D-71F8-7106DBB393E4}.Debug|Any CPU.Build.0 = Debug|Any CPU
		{0EEDD22B-46F6-577D-71F8-7106DBB393E4}.Release|Any CPU.ActiveCfg = Release|Any CPU
		{0EEDD22B-46F6-577D-71F8-7106DBB393E4}.Release|Any CPU.Build.0 = Release|Any CPU
		{1A77A54D-7C8C-7913-1D22-EE46F312CFF0}.Debug|Any CPU.ActiveCfg = Debug|Any CPU
		{1A77A54D-7C8C-7913-1D22-EE46F312CFF0}.Debug|Any CPU.Build.0 = Debug|Any CPU
		{1A77A54D-7C8C-7913-1D22-EE46F312CFF0}.Release|Any CPU.ActiveCfg = Release|Any CPU
		{1A77A54D-7C8C-7913-1D22-EE46F312CFF0}.Release|Any CPU.Build.0 = Release|Any CPU
		{B4E96D74-AAE8-10B6-1EE2-015DE02C2408}.Debug|Any CPU.ActiveCfg = Debug|Any CPU
		{B4E96D74-AAE8-10B6-1EE2-015DE02C2408}.Debug|Any CPU.Build.0 = Debug|Any CPU
		{B4E96D74-AAE8-10B6-1EE2-015DE02C2408}.Release|Any CPU.ActiveCfg = Release|Any CPU
		{B4E96D74-AAE8-10B6-1EE2-015DE02C2408}.Release|Any CPU.Build.0 = Release|Any CPU
		{E2EE674C-47F7-3EF0-56BC-875B084F9327}.Debug|Any CPU.ActiveCfg = Debug|Any CPU
		{E2EE674C-47F7-3EF0-56BC-875B084F9327}.Debug|Any CPU.Build.0 = Debug|Any CPU
		{E2EE674C-47F7-3EF0-56BC-875B084F9327}.Release|Any CPU.ActiveCfg = Release|Any CPU
		{E2EE674C-47F7-3EF0-56BC-875B084F9327}.Release|Any CPU.Build.0 = Release|Any CPU
		{7A708806-4485-54C8-8F0F-3DE03A39D39B}.Debug|Any CPU.ActiveCfg = Debug|Any CPU
		{7A708806-4485-54C8-8F0F-3DE03A39D39B}.Debug|Any CPU.Build.0 = Debug|Any CPU
		{7A708806-4485-54C8-8F0F-3DE03A39D39B}.Release|Any CPU.ActiveCfg = Release|Any CPU
		{7A708806-4485-54C8-8F0F-3DE03A39D39B}.Release|Any CPU.Build.0 = Release|Any CPU
		{36C691B9-2C45-4F52-F380-7D830E753B6C}.Debug|Any CPU.ActiveCfg = Debug|Any CPU
		{36C691B9-2C45-4F52-F380-7D830E753B6C}.Debug|Any CPU.Build.0 = Debug|Any CPU
		{36C691B9-2C45-4F52-F380-7D830E753B6C}.Release|Any CPU.ActiveCfg = Release|Any CPU
		{36C691B9-2C45-4F52-F380-7D830E753B6C}.Release|Any CPU.Build.0 = Release|Any CPU
		{F649E1DE-58CB-1091-28A5-D4FD5B28B72F}.Debug|Any CPU.ActiveCfg = Debug|Any CPU
		{F649E1DE-58CB-1091-28A5-D4FD5B28B72F}.Debug|Any CPU.Build.0 = Debug|Any CPU
		{F649E1DE-58CB-1091-28A5-D4FD5B28B72F}.Release|Any CPU.ActiveCfg = Release|Any CPU
		{F649E1DE-58CB-1091-28A5-D4FD5B28B72F}.Release|Any CPU.Build.0 = Release|Any CPU
		{85F3F404-5768-DD32-9AFA-92C32AEF6E66}.Debug|Any CPU.ActiveCfg = Debug|Any CPU
		{85F3F404-5768-DD32-9AFA-92C32AEF6E66}.Debug|Any CPU.Build.0 = Debug|Any CPU
		{85F3F404-5768-DD32-9AFA-92C32AEF6E66}.Release|Any CPU.ActiveCfg = Release|Any CPU
		{85F3F404-5768-DD32-9AFA-92C32AEF6E66}.Release|Any CPU.Build.0 = Release|Any CPU
		{7A4AABD6-2EFA-4F48-B9B7-3294DEA1073B}.Debug|Any CPU.ActiveCfg = Debug|Any CPU
		{7A4AABD6-2EFA-4F48-B9B7-3294DEA1073B}.Debug|Any CPU.Build.0 = Debug|Any CPU
		{7A4AABD6-2EFA-4F48-B9B7-3294DEA1073B}.Release|Any CPU.ActiveCfg = Release|Any CPU
		{7A4AABD6-2EFA-4F48-B9B7-3294DEA1073B}.Release|Any CPU.Build.0 = Release|Any CPU
	EndGlobalSection
	GlobalSection(SolutionProperties) = preSolution
		HideSolutionNode = FALSE
	EndGlobalSection
	GlobalSection(NestedProjects) = preSolution
		{9BA87D5D-0485-4058-A00A-0A3F47FF9F80} = {02EA681E-C7D8-13C7-8484-4AC65E1B71E8}
		{AE286DCC-BB05-43BD-B4F2-493D831C346E} = {02EA681E-C7D8-13C7-8484-4AC65E1B71E8}
		{AAEF8BB1-EA70-F9CE-4009-2A3E20E41D2F} = {AE286DCC-BB05-43BD-B4F2-493D831C346E}
		{0EEDD22B-46F6-577D-71F8-7106DBB393E4} = {5AAD3060-2C4B-408C-9E46-EA2E0A058590}
		{1A77A54D-7C8C-7913-1D22-EE46F312CFF0} = {5AAD3060-2C4B-408C-9E46-EA2E0A058590}
		{B4E96D74-AAE8-10B6-1EE2-015DE02C2408} = {5AAD3060-2C4B-408C-9E46-EA2E0A058590}
		{E2EE674C-47F7-3EF0-56BC-875B084F9327} = {5AAD3060-2C4B-408C-9E46-EA2E0A058590}
		{7A708806-4485-54C8-8F0F-3DE03A39D39B} = {C2F589B3-B1EC-4417-B91C-0B98B4A2FA9F}
		{5AAD3060-2C4B-408C-9E46-EA2E0A058590} = {9BA87D5D-0485-4058-A00A-0A3F47FF9F80}
		{2FF0D168-6780-4AAD-91D5-0F1E9DC41FBD} = {9BA87D5D-0485-4058-A00A-0A3F47FF9F80}
		{C2F589B3-B1EC-4417-B91C-0B98B4A2FA9F} = {2FF0D168-6780-4AAD-91D5-0F1E9DC41FBD}
		{36C691B9-2C45-4F52-F380-7D830E753B6C} = {C2F589B3-B1EC-4417-B91C-0B98B4A2FA9F}
		{F649E1DE-58CB-1091-28A5-D4FD5B28B72F} = {A4693F89-0175-4BE1-856D-42D6F0498FA2}
		{A4693F89-0175-4BE1-856D-42D6F0498FA2} = {2FF0D168-6780-4AAD-91D5-0F1E9DC41FBD}
		{650FC913-1679-4C86-A36A-130D4606F493} = {02EA681E-C7D8-13C7-8484-4AC65E1B71E8}
		{85F3F404-5768-DD32-9AFA-92C32AEF6E66} = {650FC913-1679-4C86-A36A-130D4606F493}
		{3BCF133D-BAE4-477C-A3AB-75B3F461B166} = {02EA681E-C7D8-13C7-8484-4AC65E1B71E8}
		{7A4AABD6-2EFA-4F48-B9B7-3294DEA1073B} = {3BCF133D-BAE4-477C-A3AB-75B3F461B166}
	EndGlobalSection
	GlobalSection(ExtensibilityGlobals) = postSolution
		SolutionGuid = {E098FA3B-991E-4FDB-A03A-2AF277534A15}
	EndGlobalSection
EndGlobal
